{
  "name": "@layer92/file-system",
  "version": "1.1.0",
  "lockfileVersion": 3,
  "requires": true,
  "packages": {
    "": {
      "name": "@layer92/file-system",
      "version": "1.1.0",
      "license": "0BSD",
      "dependencies": {
        "@layer92/core": "github:layer92/core-ts",
        "@types/node": "20.8.6",
        "typescript": "5.2.2"
      }
    },
    "node_modules/@layer92/core": {
      "version": "0.1.0",
      "resolved": "git+ssh://git@github.com/layer92/core-ts.git#8ac8b0e67e0907f59d714fafa2fe00f40e3b68bf",
      "dependencies": {
        "@types/node": "20.8.6",
        "typescript": "5.2.2"
      }
    },
    "node_modules/@types/node": {
      "version": "20.8.6",
      "license": "MIT",
      "dependencies": {
        "undici-types": "~5.25.1"
      }
    },
    "node_modules/typescript": {
      "version": "5.2.2",
      "license": "Apache-2.0",
      "bin": {
        "tsc": "bin/tsc",
        "tsserver": "bin/tsserver"
      },
      "engines": {
        "node": ">=14.17"
      }
    },
    "node_modules/undici-types": {
      "version": "5.25.3",
      "license": "MIT"
    }
  }
}
